
Microsoft Visual Studio Solution File, Format Version 12.00
# Visual Studio Version 17
VisualStudioVersion = 17.10.34928.147
MinimumVisualStudioVersion = 10.0.40219.1
Project("{FAE04EC0-301F-11D3-BF4B-00C04F79EFBC}") = "Mod2_Bai10", "Mod2_Bai10.csproj", "{6729298D-1501-4CC5-A7A7-0EC1C8467FF4}"
EndProject
Global
	GlobalSection(SolutionConfigurationPlatforms) = preSolution
		Debug|Any CPU = Debug|Any CPU
		Release|Any CPU = Release|Any CPU
	EndGlobalSection
	GlobalSection(ProjectConfigurationPlatforms) = postSolution
		{6729298D-1501-4CC5-A7A7-0EC1C8467FF4}.Debug|Any CPU.ActiveCfg = Debug|Any CPU
		{6729298D-1501-4CC5-A7A7-0EC1C8467FF4}.Debug|Any CPU.Build.0 = Debug|Any CPU
		{6729298D-1501-4CC5-A7A7-0EC1C8467FF4}.Release|Any CPU.ActiveCfg = Release|Any CPU
		{6729298D-1501-4CC5-A7A7-0EC1C8467FF4}.Release|Any CPU.Build.0 = Release|Any CPU
	EndGlobalSection
	GlobalSection(SolutionProperties) = preSolution
		HideSolutionNode = FALSE
	EndGlobalSection
	GlobalSection(ExtensibilityGlobals) = postSolution
		SolutionGuid = {2736C6E0-1E22-4A9E-80A4-DEE43863BBD4}
	EndGlobalSection
EndGlobal
