
Microsoft Visual Studio Solution File, Format Version 12.00
# Visual Studio Version 17
VisualStudioVersion = 17.10.34928.147
MinimumVisualStudioVersion = 10.0.40219.1
Project("{9A19103F-16F7-4668-BE54-9A1E7A4F7556}") = "Chap4_Part2_Bai2_Page34", "Chap4_Part2_Bai2_Page34.csproj", "{A90F0E1F-097F-4A13-BC00-5FE86FC07455}"
EndProject
Global
	GlobalSection(SolutionConfigurationPlatforms) = preSolution
		Debug|Any CPU = Debug|Any CPU
		Release|Any CPU = Release|Any CPU
	EndGlobalSection
	GlobalSection(ProjectConfigurationPlatforms) = postSolution
		{A90F0E1F-097F-4A13-BC00-5FE86FC07455}.Debug|Any CPU.ActiveCfg = Debug|Any CPU
		{A90F0E1F-097F-4A13-BC00-5FE86FC07455}.Debug|Any CPU.Build.0 = Debug|Any CPU
		{A90F0E1F-097F-4A13-BC00-5FE86FC07455}.Release|Any CPU.ActiveCfg = Release|Any CPU
		{A90F0E1F-097F-4A13-BC00-5FE86FC07455}.Release|Any CPU.Build.0 = Release|Any CPU
	EndGlobalSection
	GlobalSection(SolutionProperties) = preSolution
		HideSolutionNode = FALSE
	EndGlobalSection
	GlobalSection(ExtensibilityGlobals) = postSolution
		SolutionGuid = {BD1A1BEC-CC56-41F0-B904-8BC0DAC5AB33}
	EndGlobalSection
EndGlobal
