
Microsoft Visual Studio Solution File, Format Version 12.00
# Visual Studio Version 17
VisualStudioVersion = 17.10.34928.147
MinimumVisualStudioVersion = 10.0.40219.1
Project("{FAE04EC0-301F-11D3-BF4B-00C04F79EFBC}") = "Mod3_Bai5", "Mod3_Bai5.csproj", "{DDDD9C88-FEFB-4694-BC31-55E26EAD80CD}"
EndProject
Global
	GlobalSection(SolutionConfigurationPlatforms) = preSolution
		Debug|Any CPU = Debug|Any CPU
		Release|Any CPU = Release|Any CPU
	EndGlobalSection
	GlobalSection(ProjectConfigurationPlatforms) = postSolution
		{DDDD9C88-FEFB-4694-BC31-55E26EAD80CD}.Debug|Any CPU.ActiveCfg = Debug|Any CPU
		{DDDD9C88-FEFB-4694-BC31-55E26EAD80CD}.Debug|Any CPU.Build.0 = Debug|Any CPU
		{DDDD9C88-FEFB-4694-BC31-55E26EAD80CD}.Release|Any CPU.ActiveCfg = Release|Any CPU
		{DDDD9C88-FEFB-4694-BC31-55E26EAD80CD}.Release|Any CPU.Build.0 = Release|Any CPU
	EndGlobalSection
	GlobalSection(SolutionProperties) = preSolution
		HideSolutionNode = FALSE
	EndGlobalSection
	GlobalSection(ExtensibilityGlobals) = postSolution
		SolutionGuid = {0EA60B4B-0F94-4DB4-860B-A32749B0F60D}
	EndGlobalSection
EndGlobal
