
Microsoft Visual Studio Solution File, Format Version 12.00
# Visual Studio Version 17
VisualStudioVersion = 17.10.34928.147
MinimumVisualStudioVersion = 10.0.40219.1
Project("{FAE04EC0-301F-11D3-BF4B-00C04F79EFBC}") = "Chap4_Part2_Bai6_Page37", "Chap4_Part2_Bai6_Page37.csproj", "{B0C84EAB-F784-4429-9279-B8605B96AEA6}"
EndProject
Global
	GlobalSection(SolutionConfigurationPlatforms) = preSolution
		Debug|Any CPU = Debug|Any CPU
		Release|Any CPU = Release|Any CPU
	EndGlobalSection
	GlobalSection(ProjectConfigurationPlatforms) = postSolution
		{B0C84EAB-F784-4429-9279-B8605B96AEA6}.Debug|Any CPU.ActiveCfg = Debug|Any CPU
		{B0C84EAB-F784-4429-9279-B8605B96AEA6}.Debug|Any CPU.Build.0 = Debug|Any CPU
		{B0C84EAB-F784-4429-9279-B8605B96AEA6}.Release|Any CPU.ActiveCfg = Release|Any CPU
		{B0C84EAB-F784-4429-9279-B8605B96AEA6}.Release|Any CPU.Build.0 = Release|Any CPU
	EndGlobalSection
	GlobalSection(SolutionProperties) = preSolution
		HideSolutionNode = FALSE
	EndGlobalSection
	GlobalSection(ExtensibilityGlobals) = postSolution
		SolutionGuid = {F219AB03-74B9-47F5-B5EE-B792ACDFBA07}
	EndGlobalSection
EndGlobal
