
Microsoft Visual Studio Solution File, Format Version 12.00
# Visual Studio Version 17
VisualStudioVersion = 17.10.34928.147
MinimumVisualStudioVersion = 10.0.40219.1
Project("{FAE04EC0-301F-11D3-BF4B-00C04F79EFBC}") = "Chap4_Part2_Bai3_Page34", "Chap4_Part2_Bai3_Page34.csproj", "{598BCB97-D9AF-407A-8B52-2C8567E3B41B}"
EndProject
Global
	GlobalSection(SolutionConfigurationPlatforms) = preSolution
		Debug|Any CPU = Debug|Any CPU
		Release|Any CPU = Release|Any CPU
	EndGlobalSection
	GlobalSection(ProjectConfigurationPlatforms) = postSolution
		{598BCB97-D9AF-407A-8B52-2C8567E3B41B}.Debug|Any CPU.ActiveCfg = Debug|Any CPU
		{598BCB97-D9AF-407A-8B52-2C8567E3B41B}.Debug|Any CPU.Build.0 = Debug|Any CPU
		{598BCB97-D9AF-407A-8B52-2C8567E3B41B}.Release|Any CPU.ActiveCfg = Release|Any CPU
		{598BCB97-D9AF-407A-8B52-2C8567E3B41B}.Release|Any CPU.Build.0 = Release|Any CPU
	EndGlobalSection
	GlobalSection(SolutionProperties) = preSolution
		HideSolutionNode = FALSE
	EndGlobalSection
	GlobalSection(ExtensibilityGlobals) = postSolution
		SolutionGuid = {569B8E12-F2B9-4489-A083-90DA146E0C67}
	EndGlobalSection
EndGlobal
