
Microsoft Visual Studio Solution File, Format Version 12.00
# Visual Studio Version 17
VisualStudioVersion = 17.10.34928.147
MinimumVisualStudioVersion = 10.0.40219.1
Project("{FAE04EC0-301F-11D3-BF4B-00C04F79EFBC}") = "Mod2_Bai8", "Mod2_Bai8.csproj", "{8BDD7D8A-F7D8-4858-A498-78E6D3090B1B}"
EndProject
Global
	GlobalSection(SolutionConfigurationPlatforms) = preSolution
		Debug|Any CPU = Debug|Any CPU
		Release|Any CPU = Release|Any CPU
	EndGlobalSection
	GlobalSection(ProjectConfigurationPlatforms) = postSolution
		{8BDD7D8A-F7D8-4858-A498-78E6D3090B1B}.Debug|Any CPU.ActiveCfg = Debug|Any CPU
		{8BDD7D8A-F7D8-4858-A498-78E6D3090B1B}.Debug|Any CPU.Build.0 = Debug|Any CPU
		{8BDD7D8A-F7D8-4858-A498-78E6D3090B1B}.Release|Any CPU.ActiveCfg = Release|Any CPU
		{8BDD7D8A-F7D8-4858-A498-78E6D3090B1B}.Release|Any CPU.Build.0 = Release|Any CPU
	EndGlobalSection
	GlobalSection(SolutionProperties) = preSolution
		HideSolutionNode = FALSE
	EndGlobalSection
	GlobalSection(ExtensibilityGlobals) = postSolution
		SolutionGuid = {5959F8A5-07C7-4B32-B0D1-A597B7EF1A20}
	EndGlobalSection
EndGlobal
