
Microsoft Visual Studio Solution File, Format Version 12.00
# Visual Studio Version 17
VisualStudioVersion = 17.10.34928.147
MinimumVisualStudioVersion = 10.0.40219.1
Project("{FAE04EC0-301F-11D3-BF4B-00C04F79EFBC}") = "Mod2_Bai7", "Mod2_Bai7.csproj", "{5951BE8E-A4C7-4B2E-8219-6AF0C0BB5FDA}"
EndProject
Global
	GlobalSection(SolutionConfigurationPlatforms) = preSolution
		Debug|Any CPU = Debug|Any CPU
		Release|Any CPU = Release|Any CPU
	EndGlobalSection
	GlobalSection(ProjectConfigurationPlatforms) = postSolution
		{5951BE8E-A4C7-4B2E-8219-6AF0C0BB5FDA}.Debug|Any CPU.ActiveCfg = Debug|Any CPU
		{5951BE8E-A4C7-4B2E-8219-6AF0C0BB5FDA}.Debug|Any CPU.Build.0 = Debug|Any CPU
		{5951BE8E-A4C7-4B2E-8219-6AF0C0BB5FDA}.Release|Any CPU.ActiveCfg = Release|Any CPU
		{5951BE8E-A4C7-4B2E-8219-6AF0C0BB5FDA}.Release|Any CPU.Build.0 = Release|Any CPU
	EndGlobalSection
	GlobalSection(SolutionProperties) = preSolution
		HideSolutionNode = FALSE
	EndGlobalSection
	GlobalSection(ExtensibilityGlobals) = postSolution
		SolutionGuid = {CC21A05B-EFD7-4AFD-9B43-F55FA40810E4}
	EndGlobalSection
EndGlobal
